
Microsoft Visual Studio Solution File, Format Version 12.00
# Visual Studio 15
VisualStudioVersion = 15.0.28010.2046
MinimumVisualStudioVersion = 10.0.40219.1
Project("{FAE04EC0-301F-11D3-BF4B-00C04F79EFBC}") = "ExpenseTracker", "ExpenseTracker\ExpenseTracker.csproj", "{B200C3E3-B800-43B5-93A1-F6D39E3268BC}"
EndProject
Project("{FAE04EC0-301F-11D3-BF4B-00C04F79EFBC}") = "DataAccess", "DataAccess\DataAccess.csproj", "{D692F218-659E-4CC0-B3D5-662CFB04C20C}"
EndProject
Global
	GlobalSection(SolutionConfigurationPlatforms) = preSolution
		Debug|Any CPU = Debug|Any CPU
		Release|Any CPU = Release|Any CPU
	EndGlobalSection
	GlobalSection(ProjectConfigurationPlatforms) = postSolution
		{B200C3E3-B800-43B5-93A1-F6D39E3268BC}.Debug|Any CPU.ActiveCfg = Debug|Any CPU
		{B200C3E3-B800-43B5-93A1-F6D39E3268BC}.Debug|Any CPU.Build.0 = Debug|Any CPU
		{B200C3E3-B800-43B5-93A1-F6D39E3268BC}.Release|Any CPU.ActiveCfg = Release|Any CPU
		{B200C3E3-B800-43B5-93A1-F6D39E3268BC}.Release|Any CPU.Build.0 = Release|Any CPU
		{D692F218-659E-4CC0-B3D5-662CFB04C20C}.Debug|Any CPU.ActiveCfg = Debug|Any CPU
		{D692F218-659E-4CC0-B3D5-662CFB04C20C}.Debug|Any CPU.Build.0 = Debug|Any CPU
		{D692F218-659E-4CC0-B3D5-662CFB04C20C}.Release|Any CPU.ActiveCfg = Release|Any CPU
		{D692F218-659E-4CC0-B3D5-662CFB04C20C}.Release|Any CPU.Build.0 = Release|Any CPU
	EndGlobalSection
	GlobalSection(SolutionProperties) = preSolution
		HideSolutionNode = FALSE
	EndGlobalSection
	GlobalSection(ExtensibilityGlobals) = postSolution
		SolutionGuid = {A02B58E6-53D7-4F54-9435-AF8C69692D41}
	EndGlobalSection
EndGlobal
